
Microsoft Visual Studio Solution File, Format Version 12.00
# Visual Studio Version 16
VisualStudioVersion = 16.0.33027.164
MinimumVisualStudioVersion = 10.0.40219.1
Project("{9A19103F-16F7-4668-BE54-9A1E7A4F7556}") = "TeamViwerClient", "TeamViwerClient\TeamViwerClient.csproj", "{5DC1C28E-F78F-4356-9710-3ACFF80D6215}"
EndProject
Project("{FAE04EC0-301F-11D3-BF4B-00C04F79EFBC}") = "TeamViewerSerever", "TeamViewerSerever\TeamViewerSerever.csproj", "{A74E2917-5842-4C1C-AAD2-62DC430E6467}"
EndProject
Global
	GlobalSection(SolutionConfigurationPlatforms) = preSolution
		Debug|Any CPU = Debug|Any CPU
		Release|Any CPU = Release|Any CPU
	EndGlobalSection
	GlobalSection(ProjectConfigurationPlatforms) = postSolution
		{5DC1C28E-F78F-4356-9710-3ACFF80D6215}.Debug|Any CPU.ActiveCfg = Debug|Any CPU
		{5DC1C28E-F78F-4356-9710-3ACFF80D6215}.Debug|Any CPU.Build.0 = Debug|Any CPU
		{5DC1C28E-F78F-4356-9710-3ACFF80D6215}.Release|Any CPU.ActiveCfg = Release|Any CPU
		{5DC1C28E-F78F-4356-9710-3ACFF80D6215}.Release|Any CPU.Build.0 = Release|Any CPU
		{A74E2917-5842-4C1C-AAD2-62DC430E6467}.Debug|Any CPU.ActiveCfg = Debug|Any CPU
		{A74E2917-5842-4C1C-AAD2-62DC430E6467}.Debug|Any CPU.Build.0 = Debug|Any CPU
		{A74E2917-5842-4C1C-AAD2-62DC430E6467}.Release|Any CPU.ActiveCfg = Release|Any CPU
		{A74E2917-5842-4C1C-AAD2-62DC430E6467}.Release|Any CPU.Build.0 = Release|Any CPU
	EndGlobalSection
	GlobalSection(SolutionProperties) = preSolution
		HideSolutionNode = FALSE
	EndGlobalSection
	GlobalSection(ExtensibilityGlobals) = postSolution
		SolutionGuid = {672F8BFF-9A2E-4E57-A574-89364FFB05EE}
	EndGlobalSection
EndGlobal
